// !$*UTF8*$!
{
	archiveVersion = 1;
	classes = {
	};
	objectVersion = 46;
	objects = {

/* Begin PBXBuildFile section */
		3913C9651AC4F2FC00128D06 /* OutgoingButton.swift in Sources */ = {isa = PBXBuildFile; fileRef = 3913C9641AC4F2FC00128D06 /* OutgoingButton.swift */; };
		3913C9671AC4F32400128D06 /* QCMethod.swift in Sources */ = {isa = PBXBuildFile; fileRef = 3913C9661AC4F32400128D06 /* QCMethod.swift */; };
		3934AB531AB3821600941344 /* AppDelegate.swift in Sources */ = {isa = PBXBuildFile; fileRef = 3934AB521AB3821600941344 /* AppDelegate.swift */; };
		3934AB561AB3821600941344 /* SoulCast.xcdatamodeld in Sources */ = {isa = PBXBuildFile; fileRef = 3934AB541AB3821600941344 /* SoulCast.xcdatamodeld */; };
		3934AB581AB3821600941344 /* ViewController.swift in Sources */ = {isa = PBXBuildFile; fileRef = 3934AB571AB3821600941344 /* ViewController.swift */; };
		3934AB5B1AB3821600941344 /* Main.storyboard in Resources */ = {isa = PBXBuildFile; fileRef = 3934AB591AB3821600941344 /* Main.storyboard */; };
		3934AB5D1AB3821600941344 /* Images.xcassets in Resources */ = {isa = PBXBuildFile; fileRef = 3934AB5C1AB3821600941344 /* Images.xcassets */; };
		3934AB601AB3821600941344 /* LaunchScreen.xib in Resources */ = {isa = PBXBuildFile; fileRef = 3934AB5E1AB3821600941344 /* LaunchScreen.xib */; };
		3934AB6C1AB3821600941344 /* SoulCastTests.swift in Sources */ = {isa = PBXBuildFile; fileRef = 3934AB6B1AB3821600941344 /* SoulCastTests.swift */; };
		395EF6EE1ACC79D00020441A /* SimpleOutgoingButton.swift in Sources */ = {isa = PBXBuildFile; fileRef = 395EF6ED1ACC79D00020441A /* SimpleOutgoingButton.swift */; };
		395EF6F21ACC92230020441A /* Constants.swift in Sources */ = {isa = PBXBuildFile; fileRef = 395EF6F11ACC92230020441A /* Constants.swift */; };
		395F22E41ABB6C4D00DFF05B /* SwiftJK.swift in Sources */ = {isa = PBXBuildFile; fileRef = 395F22E31ABB6C4D00DFF05B /* SwiftJK.swift */; };
		39601F751AB3FD1400B52C1D /* SoulCatcher.swift in Sources */ = {isa = PBXBuildFile; fileRef = 39601F741AB3FD1400B52C1D /* SoulCatcher.swift */; };
		39601F791AB400B100B52C1D /* SomeObject.m in Sources */ = {isa = PBXBuildFile; fileRef = 39601F781AB400B100B52C1D /* SomeObject.m */; };
		39601F7C1AB400E100B52C1D /* TPOscilloscopeLayer.m in Sources */ = {isa = PBXBuildFile; fileRef = 39601F7B1AB400E100B52C1D /* TPOscilloscopeLayer.m */; };
		3990C94C1AB38D0E0029F087 /* MapKit.framework in Frameworks */ = {isa = PBXBuildFile; fileRef = 3990C94B1AB38D0E0029F087 /* MapKit.framework */; };
		3990C94E1AB38EE80029F087 /* CoreLocation.framework in Frameworks */ = {isa = PBXBuildFile; fileRef = 3990C94D1AB38EE80029F087 /* CoreLocation.framework */; };
		3990C9501AB390A80029F087 /* MapVC.swift in Sources */ = {isa = PBXBuildFile; fileRef = 3990C94F1AB390A80029F087 /* MapVC.swift */; };
		3990C9541AB3A0520029F087 /* OutgoingButtonVC.swift in Sources */ = {isa = PBXBuildFile; fileRef = 3990C9531AB3A0520029F087 /* OutgoingButtonVC.swift */; };
		3990C9561AB3A2350029F087 /* Soul.swift in Sources */ = {isa = PBXBuildFile; fileRef = 3990C9551AB3A2350029F087 /* Soul.swift */; };
		3990C9581AB3A3970029F087 /* SoulRecorder.swift in Sources */ = {isa = PBXBuildFile; fileRef = 3990C9571AB3A3970029F087 /* SoulRecorder.swift */; };
		3990C95A1AB3A39F0029F087 /* SoulPlayer.swift in Sources */ = {isa = PBXBuildFile; fileRef = 3990C9591AB3A39F0029F087 /* SoulPlayer.swift */; };
		3990C95C1AB3A3A60029F087 /* SoulCaster.swift in Sources */ = {isa = PBXBuildFile; fileRef = 3990C95B1AB3A3A60029F087 /* SoulCaster.swift */; };
		39A44E191ACFC9E700539CFE /* DeviceManager.swift in Sources */ = {isa = PBXBuildFile; fileRef = 39A44E181ACFC9E700539CFE /* DeviceManager.swift */; };
		39A44E1B1AD057A500539CFE /* SoulPusher.swift in Sources */ = {isa = PBXBuildFile; fileRef = 39A44E1A1AD057A500539CFE /* SoulPusher.swift */; };
		39A44E1D1AD06F8600539CFE /* Device.swift in Sources */ = {isa = PBXBuildFile; fileRef = 39A44E1C1AD06F8600539CFE /* Device.swift */; };
		39A44E2E1AD1017E00539CFE /* IncomingVC.swift in Sources */ = {isa = PBXBuildFile; fileRef = 39A44E2D1AD1017E00539CFE /* IncomingVC.swift */; };
		39D4D6161ABA75D700597CCA /* Array.swift in Sources */ = {isa = PBXBuildFile; fileRef = 39D4D6081ABA75D700597CCA /* Array.swift */; };
		39D4D6171ABA75D700597CCA /* Dictionary.swift in Sources */ = {isa = PBXBuildFile; fileRef = 39D4D6091ABA75D700597CCA /* Dictionary.swift */; };
		39D4D6181ABA75D700597CCA /* String.swift in Sources */ = {isa = PBXBuildFile; fileRef = 39D4D60A1ABA75D700597CCA /* String.swift */; };
		39D4D6191ABA75D700597CCA /* Bool.swift in Sources */ = {isa = PBXBuildFile; fileRef = 39D4D60B1ABA75D700597CCA /* Bool.swift */; };
		39D4D61A1ABA75D700597CCA /* Character.swift in Sources */ = {isa = PBXBuildFile; fileRef = 39D4D60C1ABA75D700597CCA /* Character.swift */; };
		39D4D61B1ABA75D700597CCA /* Double.swift in Sources */ = {isa = PBXBuildFile; fileRef = 39D4D60D1ABA75D700597CCA /* Double.swift */; };
		39D4D61C1ABA75D700597CCA /* ExSwift.swift in Sources */ = {isa = PBXBuildFile; fileRef = 39D4D60F1ABA75D700597CCA /* ExSwift.swift */; };
		39D4D61D1ABA75D700597CCA /* Float.swift in Sources */ = {isa = PBXBuildFile; fileRef = 39D4D6101ABA75D700597CCA /* Float.swift */; };
		39D4D61E1ABA75D700597CCA /* Int.swift in Sources */ = {isa = PBXBuildFile; fileRef = 39D4D6111ABA75D700597CCA /* Int.swift */; };
		39D4D61F1ABA75D700597CCA /* NSArray.swift in Sources */ = {isa = PBXBuildFile; fileRef = 39D4D6121ABA75D700597CCA /* NSArray.swift */; };
		39D4D6201ABA75D700597CCA /* NSDate.swift in Sources */ = {isa = PBXBuildFile; fileRef = 39D4D6131ABA75D700597CCA /* NSDate.swift */; };
		39D4D6211ABA75D700597CCA /* Range.swift in Sources */ = {isa = PBXBuildFile; fileRef = 39D4D6141ABA75D700597CCA /* Range.swift */; };
		39D4D6221ABA75D700597CCA /* Sequence.swift in Sources */ = {isa = PBXBuildFile; fileRef = 39D4D6151ABA75D700597CCA /* Sequence.swift */; };
		4A33E4D960F2ADCCC9972925 /* libPods-SoulCast.a in Frameworks */ = {isa = PBXBuildFile; fileRef = D46ECF825C26142AC25248A9 /* libPods-SoulCast.a */; };
/* End PBXBuildFile section */

/* Begin PBXContainerItemProxy section */
		3934AB661AB3821600941344 /* PBXContainerItemProxy */ = {
			isa = PBXContainerItemProxy;
			containerPortal = 3934AB451AB3821600941344 /* Project object */;
			proxyType = 1;
			remoteGlobalIDString = 3934AB4C1AB3821600941344;
			remoteInfo = SoulCast;
		};
/* End PBXContainerItemProxy section */

/* Begin PBXFileReference section */
		3913C9641AC4F2FC00128D06 /* OutgoingButton.swift */ = {isa = PBXFileReference; fileEncoding = 4; lastKnownFileType = sourcecode.swift; path = OutgoingButton.swift; sourceTree = "<group>"; };
		3913C9661AC4F32400128D06 /* QCMethod.swift */ = {isa = PBXFileReference; fileEncoding = 4; lastKnownFileType = sourcecode.swift; path = QCMethod.swift; sourceTree = "<group>"; };
		3934AB4D1AB3821600941344 /* Soulcast.app */ = {isa = PBXFileReference; explicitFileType = wrapper.application; includeInIndex = 0; path = Soulcast.app; sourceTree = BUILT_PRODUCTS_DIR; };
		3934AB511AB3821600941344 /* Info.plist */ = {isa = PBXFileReference; lastKnownFileType = text.plist.xml; path = Info.plist; sourceTree = "<group>"; };
		3934AB521AB3821600941344 /* AppDelegate.swift */ = {isa = PBXFileReference; lastKnownFileType = sourcecode.swift; path = AppDelegate.swift; sourceTree = "<group>"; };
		3934AB551AB3821600941344 /* SoulCast.xcdatamodel */ = {isa = PBXFileReference; lastKnownFileType = wrapper.xcdatamodel; path = SoulCast.xcdatamodel; sourceTree = "<group>"; };
		3934AB571AB3821600941344 /* ViewController.swift */ = {isa = PBXFileReference; lastKnownFileType = sourcecode.swift; path = ViewController.swift; sourceTree = "<group>"; };
		3934AB5A1AB3821600941344 /* Base */ = {isa = PBXFileReference; lastKnownFileType = file.storyboard; name = Base; path = Base.lproj/Main.storyboard; sourceTree = "<group>"; };
		3934AB5C1AB3821600941344 /* Images.xcassets */ = {isa = PBXFileReference; lastKnownFileType = folder.assetcatalog; path = Images.xcassets; sourceTree = "<group>"; };
		3934AB5F1AB3821600941344 /* Base */ = {isa = PBXFileReference; lastKnownFileType = file.xib; name = Base; path = Base.lproj/LaunchScreen.xib; sourceTree = "<group>"; };
		3934AB651AB3821600941344 /* SoulCastTests.xctest */ = {isa = PBXFileReference; explicitFileType = wrapper.cfbundle; includeInIndex = 0; path = SoulCastTests.xctest; sourceTree = BUILT_PRODUCTS_DIR; };
		3934AB6A1AB3821600941344 /* Info.plist */ = {isa = PBXFileReference; lastKnownFileType = text.plist.xml; path = Info.plist; sourceTree = "<group>"; };
		3934AB6B1AB3821600941344 /* SoulCastTests.swift */ = {isa = PBXFileReference; lastKnownFileType = sourcecode.swift; path = SoulCastTests.swift; sourceTree = "<group>"; };
		395EF6ED1ACC79D00020441A /* SimpleOutgoingButton.swift */ = {isa = PBXFileReference; fileEncoding = 4; lastKnownFileType = sourcecode.swift; path = SimpleOutgoingButton.swift; sourceTree = "<group>"; };
		395EF6F11ACC92230020441A /* Constants.swift */ = {isa = PBXFileReference; fileEncoding = 4; lastKnownFileType = sourcecode.swift; path = Constants.swift; sourceTree = "<group>"; };
		395F22E31ABB6C4D00DFF05B /* SwiftJK.swift */ = {isa = PBXFileReference; fileEncoding = 4; lastKnownFileType = sourcecode.swift; path = SwiftJK.swift; sourceTree = "<group>"; };
		39601F741AB3FD1400B52C1D /* SoulCatcher.swift */ = {isa = PBXFileReference; fileEncoding = 4; lastKnownFileType = sourcecode.swift; path = SoulCatcher.swift; sourceTree = "<group>"; };
		39601F761AB400B100B52C1D /* SoulCast-Bridging-Header.h */ = {isa = PBXFileReference; lastKnownFileType = sourcecode.c.h; path = "SoulCast-Bridging-Header.h"; sourceTree = "<group>"; };
		39601F771AB400B100B52C1D /* SomeObject.h */ = {isa = PBXFileReference; fileEncoding = 4; lastKnownFileType = sourcecode.c.h; path = SomeObject.h; sourceTree = "<group>"; };
		39601F781AB400B100B52C1D /* SomeObject.m */ = {isa = PBXFileReference; fileEncoding = 4; lastKnownFileType = sourcecode.c.objc; path = SomeObject.m; sourceTree = "<group>"; };
		39601F7A1AB400E100B52C1D /* TPOscilloscopeLayer.h */ = {isa = PBXFileReference; fileEncoding = 4; lastKnownFileType = sourcecode.c.h; path = TPOscilloscopeLayer.h; sourceTree = "<group>"; };
		39601F7B1AB400E100B52C1D /* TPOscilloscopeLayer.m */ = {isa = PBXFileReference; fileEncoding = 4; lastKnownFileType = sourcecode.c.objc; path = TPOscilloscopeLayer.m; sourceTree = "<group>"; };
		3990C94B1AB38D0E0029F087 /* MapKit.framework */ = {isa = PBXFileReference; lastKnownFileType = wrapper.framework; name = MapKit.framework; path = System/Library/Frameworks/MapKit.framework; sourceTree = SDKROOT; };
		3990C94D1AB38EE80029F087 /* CoreLocation.framework */ = {isa = PBXFileReference; lastKnownFileType = wrapper.framework; name = CoreLocation.framework; path = System/Library/Frameworks/CoreLocation.framework; sourceTree = SDKROOT; };
		3990C94F1AB390A80029F087 /* MapVC.swift */ = {isa = PBXFileReference; fileEncoding = 4; lastKnownFileType = sourcecode.swift; lineEnding = 0; path = MapVC.swift; sourceTree = "<group>"; xcLanguageSpecificationIdentifier = xcode.lang.swift; };
		3990C9531AB3A0520029F087 /* OutgoingButtonVC.swift */ = {isa = PBXFileReference; fileEncoding = 4; lastKnownFileType = sourcecode.swift; path = OutgoingButtonVC.swift; sourceTree = "<group>"; };
		3990C9551AB3A2350029F087 /* Soul.swift */ = {isa = PBXFileReference; fileEncoding = 4; lastKnownFileType = sourcecode.swift; path = Soul.swift; sourceTree = "<group>"; };
		3990C9571AB3A3970029F087 /* SoulRecorder.swift */ = {isa = PBXFileReference; fileEncoding = 4; lastKnownFileType = sourcecode.swift; path = SoulRecorder.swift; sourceTree = "<group>"; };
		3990C9591AB3A39F0029F087 /* SoulPlayer.swift */ = {isa = PBXFileReference; fileEncoding = 4; lastKnownFileType = sourcecode.swift; path = SoulPlayer.swift; sourceTree = "<group>"; };
		3990C95B1AB3A3A60029F087 /* SoulCaster.swift */ = {isa = PBXFileReference; fileEncoding = 4; lastKnownFileType = sourcecode.swift; path = SoulCaster.swift; sourceTree = "<group>"; };
		39A44E181ACFC9E700539CFE /* DeviceManager.swift */ = {isa = PBXFileReference; fileEncoding = 4; lastKnownFileType = sourcecode.swift; path = DeviceManager.swift; sourceTree = "<group>"; };
		39A44E1A1AD057A500539CFE /* SoulPusher.swift */ = {isa = PBXFileReference; fileEncoding = 4; lastKnownFileType = sourcecode.swift; path = SoulPusher.swift; sourceTree = "<group>"; };
		39A44E1C1AD06F8600539CFE /* Device.swift */ = {isa = PBXFileReference; fileEncoding = 4; lastKnownFileType = sourcecode.swift; path = Device.swift; sourceTree = "<group>"; };
		39A44E2D1AD1017E00539CFE /* IncomingVC.swift */ = {isa = PBXFileReference; fileEncoding = 4; lastKnownFileType = sourcecode.swift; path = IncomingVC.swift; sourceTree = "<group>"; };
		39D4D6081ABA75D700597CCA /* Array.swift */ = {isa = PBXFileReference; fileEncoding = 4; lastKnownFileType = sourcecode.swift; path = Array.swift; sourceTree = "<group>"; };
		39D4D6091ABA75D700597CCA /* Dictionary.swift */ = {isa = PBXFileReference; fileEncoding = 4; lastKnownFileType = sourcecode.swift; path = Dictionary.swift; sourceTree = "<group>"; };
		39D4D60A1ABA75D700597CCA /* String.swift */ = {isa = PBXFileReference; fileEncoding = 4; lastKnownFileType = sourcecode.swift; path = String.swift; sourceTree = "<group>"; };
		39D4D60B1ABA75D700597CCA /* Bool.swift */ = {isa = PBXFileReference; fileEncoding = 4; lastKnownFileType = sourcecode.swift; path = Bool.swift; sourceTree = "<group>"; };
		39D4D60C1ABA75D700597CCA /* Character.swift */ = {isa = PBXFileReference; fileEncoding = 4; lastKnownFileType = sourcecode.swift; path = Character.swift; sourceTree = "<group>"; };
		39D4D60D1ABA75D700597CCA /* Double.swift */ = {isa = PBXFileReference; fileEncoding = 4; lastKnownFileType = sourcecode.swift; path = Double.swift; sourceTree = "<group>"; };
		39D4D60E1ABA75D700597CCA /* ExSwift.h */ = {isa = PBXFileReference; fileEncoding = 4; lastKnownFileType = sourcecode.c.h; path = ExSwift.h; sourceTree = "<group>"; };
		39D4D60F1ABA75D700597CCA /* ExSwift.swift */ = {isa = PBXFileReference; fileEncoding = 4; lastKnownFileType = sourcecode.swift; path = ExSwift.swift; sourceTree = "<group>"; };
		39D4D6101ABA75D700597CCA /* Float.swift */ = {isa = PBXFileReference; fileEncoding = 4; lastKnownFileType = sourcecode.swift; path = Float.swift; sourceTree = "<group>"; };
		39D4D6111ABA75D700597CCA /* Int.swift */ = {isa = PBXFileReference; fileEncoding = 4; lastKnownFileType = sourcecode.swift; path = Int.swift; sourceTree = "<group>"; };
		39D4D6121ABA75D700597CCA /* NSArray.swift */ = {isa = PBXFileReference; fileEncoding = 4; lastKnownFileType = sourcecode.swift; path = NSArray.swift; sourceTree = "<group>"; };
		39D4D6131ABA75D700597CCA /* NSDate.swift */ = {isa = PBXFileReference; fileEncoding = 4; lastKnownFileType = sourcecode.swift; path = NSDate.swift; sourceTree = "<group>"; };
		39D4D6141ABA75D700597CCA /* Range.swift */ = {isa = PBXFileReference; fileEncoding = 4; lastKnownFileType = sourcecode.swift; path = Range.swift; sourceTree = "<group>"; };
		39D4D6151ABA75D700597CCA /* Sequence.swift */ = {isa = PBXFileReference; fileEncoding = 4; lastKnownFileType = sourcecode.swift; path = Sequence.swift; sourceTree = "<group>"; };
		72A9DEE19E711BA0EC0C6CE8 /* Pods-SoulCast.release.xcconfig */ = {isa = PBXFileReference; includeInIndex = 1; lastKnownFileType = text.xcconfig; name = "Pods-SoulCast.release.xcconfig"; path = "Pods/Target Support Files/Pods-SoulCast/Pods-SoulCast.release.xcconfig"; sourceTree = "<group>"; };
		89DB9E60780F151CEA8FC8A6 /* Pods-SoulCast.debug.xcconfig */ = {isa = PBXFileReference; includeInIndex = 1; lastKnownFileType = text.xcconfig; name = "Pods-SoulCast.debug.xcconfig"; path = "Pods/Target Support Files/Pods-SoulCast/Pods-SoulCast.debug.xcconfig"; sourceTree = "<group>"; };
		D46ECF825C26142AC25248A9 /* libPods-SoulCast.a */ = {isa = PBXFileReference; explicitFileType = archive.ar; includeInIndex = 0; path = "libPods-SoulCast.a"; sourceTree = BUILT_PRODUCTS_DIR; };
/* End PBXFileReference section */

/* Begin PBXFrameworksBuildPhase section */
		3934AB4A1AB3821600941344 /* Frameworks */ = {
			isa = PBXFrameworksBuildPhase;
			buildActionMask = 2147483647;
			files = (
				3990C94E1AB38EE80029F087 /* CoreLocation.framework in Frameworks */,
				3990C94C1AB38D0E0029F087 /* MapKit.framework in Frameworks */,
				4A33E4D960F2ADCCC9972925 /* libPods-SoulCast.a in Frameworks */,
			);
			runOnlyForDeploymentPostprocessing = 0;
		};
		3934AB621AB3821600941344 /* Frameworks */ = {
			isa = PBXFrameworksBuildPhase;
			buildActionMask = 2147483647;
			files = (
			);
			runOnlyForDeploymentPostprocessing = 0;
		};
/* End PBXFrameworksBuildPhase section */

/* Begin PBXGroup section */
		3934AB441AB3821600941344 = {
			isa = PBXGroup;
			children = (
				3934AB4F1AB3821600941344 /* SoulCast */,
				3934AB681AB3821600941344 /* SoulCastTests */,
				3934AB4E1AB3821600941344 /* Products */,
				F3A8090DF458C7E8D47B465C /* Pods */,
				62D50BEF884D6DB44C702009 /* Frameworks */,
			);
			sourceTree = "<group>";
		};
		3934AB4E1AB3821600941344 /* Products */ = {
			isa = PBXGroup;
			children = (
				3934AB4D1AB3821600941344 /* Soulcast.app */,
				3934AB651AB3821600941344 /* SoulCastTests.xctest */,
			);
			name = Products;
			sourceTree = "<group>";
		};
		3934AB4F1AB3821600941344 /* SoulCast */ = {
			isa = PBXGroup;
			children = (
				3934AB521AB3821600941344 /* AppDelegate.swift */,
				395EF6F11ACC92230020441A /* Constants.swift */,
				39601F7D1AB400E900B52C1D /* ViewControllers */,
				39601F7E1AB400FD00B52C1D /* Soul */,
				39A44E171ACFC98C00539CFE /* Device */,
				39F6360B1ABBC8DB003CB557 /* Views */,
				3934AB5C1AB3821600941344 /* Images.xcassets */,
				3934AB5E1AB3821600941344 /* LaunchScreen.xib */,
				3934AB541AB3821600941344 /* SoulCast.xcdatamodeld */,
				3934AB501AB3821600941344 /* Supporting Files */,
				39601F761AB400B100B52C1D /* SoulCast-Bridging-Header.h */,
			);
			path = SoulCast;
			sourceTree = "<group>";
		};
		3934AB501AB3821600941344 /* Supporting Files */ = {
			isa = PBXGroup;
			children = (
				397C1C9A1ABA720500077988 /* ExSwift */,
				39601F771AB400B100B52C1D /* SomeObject.h */,
				39601F781AB400B100B52C1D /* SomeObject.m */,
				3934AB511AB3821600941344 /* Info.plist */,
			);
			name = "Supporting Files";
			sourceTree = "<group>";
		};
		3934AB681AB3821600941344 /* SoulCastTests */ = {
			isa = PBXGroup;
			children = (
				3934AB6B1AB3821600941344 /* SoulCastTests.swift */,
				3934AB691AB3821600941344 /* Supporting Files */,
			);
			path = SoulCastTests;
			sourceTree = "<group>";
		};
		3934AB691AB3821600941344 /* Supporting Files */ = {
			isa = PBXGroup;
			children = (
				3934AB6A1AB3821600941344 /* Info.plist */,
			);
			name = "Supporting Files";
			sourceTree = "<group>";
		};
		39601F7D1AB400E900B52C1D /* ViewControllers */ = {
			isa = PBXGroup;
			children = (
				3934AB571AB3821600941344 /* ViewController.swift */,
				3990C9531AB3A0520029F087 /* OutgoingButtonVC.swift */,
				39A44E2D1AD1017E00539CFE /* IncomingVC.swift */,
				3990C94F1AB390A80029F087 /* MapVC.swift */,
			);
			name = ViewControllers;
			sourceTree = "<group>";
		};
		39601F7E1AB400FD00B52C1D /* Soul */ = {
			isa = PBXGroup;
			children = (
				3990C9551AB3A2350029F087 /* Soul.swift */,
				3990C9571AB3A3970029F087 /* SoulRecorder.swift */,
				3990C9591AB3A39F0029F087 /* SoulPlayer.swift */,
				3990C95B1AB3A3A60029F087 /* SoulCaster.swift */,
				39601F741AB3FD1400B52C1D /* SoulCatcher.swift */,
				39A44E1A1AD057A500539CFE /* SoulPusher.swift */,
				395F22E31ABB6C4D00DFF05B /* SwiftJK.swift */,
			);
			name = Soul;
			sourceTree = "<group>";
		};
		397C1C9A1ABA720500077988 /* ExSwift */ = {
			isa = PBXGroup;
			children = (
				39D4D6081ABA75D700597CCA /* Array.swift */,
				39D4D6091ABA75D700597CCA /* Dictionary.swift */,
				39D4D60A1ABA75D700597CCA /* String.swift */,
				39D4D60B1ABA75D700597CCA /* Bool.swift */,
				39D4D60C1ABA75D700597CCA /* Character.swift */,
				39D4D60D1ABA75D700597CCA /* Double.swift */,
				39D4D60E1ABA75D700597CCA /* ExSwift.h */,
				39D4D60F1ABA75D700597CCA /* ExSwift.swift */,
				39D4D6101ABA75D700597CCA /* Float.swift */,
				39D4D6111ABA75D700597CCA /* Int.swift */,
				39D4D6121ABA75D700597CCA /* NSArray.swift */,
				39D4D6131ABA75D700597CCA /* NSDate.swift */,
				39D4D6141ABA75D700597CCA /* Range.swift */,
				39D4D6151ABA75D700597CCA /* Sequence.swift */,
			);
			name = ExSwift;
			sourceTree = "<group>";
		};
		39A44E171ACFC98C00539CFE /* Device */ = {
			isa = PBXGroup;
			children = (
				39A44E181ACFC9E700539CFE /* DeviceManager.swift */,
				39A44E1C1AD06F8600539CFE /* Device.swift */,
			);
			name = Device;
			sourceTree = "<group>";
		};
		39F6360B1ABBC8DB003CB557 /* Views */ = {
			isa = PBXGroup;
			children = (
				3934AB591AB3821600941344 /* Main.storyboard */,
				3913C9661AC4F32400128D06 /* QCMethod.swift */,
				3913C9641AC4F2FC00128D06 /* OutgoingButton.swift */,
				395EF6ED1ACC79D00020441A /* SimpleOutgoingButton.swift */,
				39601F7A1AB400E100B52C1D /* TPOscilloscopeLayer.h */,
				39601F7B1AB400E100B52C1D /* TPOscilloscopeLayer.m */,
			);
			name = Views;
			sourceTree = "<group>";
		};
		62D50BEF884D6DB44C702009 /* Frameworks */ = {
			isa = PBXGroup;
			children = (
				3990C94D1AB38EE80029F087 /* CoreLocation.framework */,
				3990C94B1AB38D0E0029F087 /* MapKit.framework */,
				D46ECF825C26142AC25248A9 /* libPods-SoulCast.a */,
			);
			name = Frameworks;
			sourceTree = "<group>";
		};
		F3A8090DF458C7E8D47B465C /* Pods */ = {
			isa = PBXGroup;
			children = (
				89DB9E60780F151CEA8FC8A6 /* Pods-SoulCast.debug.xcconfig */,
				72A9DEE19E711BA0EC0C6CE8 /* Pods-SoulCast.release.xcconfig */,
			);
			name = Pods;
			sourceTree = "<group>";
		};
/* End PBXGroup section */

/* Begin PBXNativeTarget section */
		3934AB4C1AB3821600941344 /* SoulCast */ = {
			isa = PBXNativeTarget;
			buildConfigurationList = 3934AB6F1AB3821600941344 /* Build configuration list for PBXNativeTarget "SoulCast" */;
			buildPhases = (
				BF397A05035BFECE48AA1E1C /* Check Pods Manifest.lock */,
				3934AB491AB3821600941344 /* Sources */,
				3934AB4A1AB3821600941344 /* Frameworks */,
				3934AB4B1AB3821600941344 /* Resources */,
				AF5A4983869DDA6604718B5A /* Copy Pods Resources */,
			);
			buildRules = (
			);
			dependencies = (
			);
			name = SoulCast;
			productName = SoulCast;
			productReference = 3934AB4D1AB3821600941344 /* Soulcast.app */;
			productType = "com.apple.product-type.application";
		};
		3934AB641AB3821600941344 /* SoulCastTests */ = {
			isa = PBXNativeTarget;
			buildConfigurationList = 3934AB721AB3821600941344 /* Build configuration list for PBXNativeTarget "SoulCastTests" */;
			buildPhases = (
				3934AB611AB3821600941344 /* Sources */,
				3934AB621AB3821600941344 /* Frameworks */,
				3934AB631AB3821600941344 /* Resources */,
			);
			buildRules = (
			);
			dependencies = (
				3934AB671AB3821600941344 /* PBXTargetDependency */,
			);
			name = SoulCastTests;
			productName = SoulCastTests;
			productReference = 3934AB651AB3821600941344 /* SoulCastTests.xctest */;
			productType = "com.apple.product-type.bundle.unit-test";
		};
/* End PBXNativeTarget section */

/* Begin PBXProject section */
		3934AB451AB3821600941344 /* Project object */ = {
			isa = PBXProject;
			attributes = {
				LastUpgradeCheck = 0620;
				ORGANIZATIONNAME = June;
				TargetAttributes = {
					3934AB4C1AB3821600941344 = {
						CreatedOnToolsVersion = 6.2;
						DevelopmentTeam = 59SVXWFZ98;
						SystemCapabilities = {
							com.apple.Maps.iOS = {
								enabled = 1;
							};
						};
					};
					3934AB641AB3821600941344 = {
						CreatedOnToolsVersion = 6.2;
						DevelopmentTeam = 59SVXWFZ98;
						TestTargetID = 3934AB4C1AB3821600941344;
					};
				};
			};
			buildConfigurationList = 3934AB481AB3821600941344 /* Build configuration list for PBXProject "SoulCast" */;
			compatibilityVersion = "Xcode 3.2";
			developmentRegion = English;
			hasScannedForEncodings = 0;
			knownRegions = (
				en,
				Base,
			);
			mainGroup = 3934AB441AB3821600941344;
			productRefGroup = 3934AB4E1AB3821600941344 /* Products */;
			projectDirPath = "";
			projectRoot = "";
			targets = (
				3934AB4C1AB3821600941344 /* SoulCast */,
				3934AB641AB3821600941344 /* SoulCastTests */,
			);
		};
/* End PBXProject section */

/* Begin PBXResourcesBuildPhase section */
		3934AB4B1AB3821600941344 /* Resources */ = {
			isa = PBXResourcesBuildPhase;
			buildActionMask = 2147483647;
			files = (
				3934AB5B1AB3821600941344 /* Main.storyboard in Resources */,
				3934AB601AB3821600941344 /* LaunchScreen.xib in Resources */,
				3934AB5D1AB3821600941344 /* Images.xcassets in Resources */,
			);
			runOnlyForDeploymentPostprocessing = 0;
		};
		3934AB631AB3821600941344 /* Resources */ = {
			isa = PBXResourcesBuildPhase;
			buildActionMask = 2147483647;
			files = (
			);
			runOnlyForDeploymentPostprocessing = 0;
		};
/* End PBXResourcesBuildPhase section */

/* Begin PBXShellScriptBuildPhase section */
		AF5A4983869DDA6604718B5A /* Copy Pods Resources */ = {
			isa = PBXShellScriptBuildPhase;
			buildActionMask = 2147483647;
			files = (
			);
			inputPaths = (
			);
			name = "Copy Pods Resources";
			outputPaths = (
			);
			runOnlyForDeploymentPostprocessing = 0;
			shellPath = /bin/sh;
			shellScript = "\"${SRCROOT}/Pods/Target Support Files/Pods-SoulCast/Pods-SoulCast-resources.sh\"\n";
			showEnvVarsInLog = 0;
		};
		BF397A05035BFECE48AA1E1C /* Check Pods Manifest.lock */ = {
			isa = PBXShellScriptBuildPhase;
			buildActionMask = 2147483647;
			files = (
			);
			inputPaths = (
			);
			name = "Check Pods Manifest.lock";
			outputPaths = (
			);
			runOnlyForDeploymentPostprocessing = 0;
			shellPath = /bin/sh;
			shellScript = "diff \"${PODS_ROOT}/../Podfile.lock\" \"${PODS_ROOT}/Manifest.lock\" > /dev/null\nif [[ $? != 0 ]] ; then\n    cat << EOM\nerror: The sandbox is not in sync with the Podfile.lock. Run 'pod install' or update your CocoaPods installation.\nEOM\n    exit 1\nfi\n";
			showEnvVarsInLog = 0;
		};
/* End PBXShellScriptBuildPhase section */

/* Begin PBXSourcesBuildPhase section */
		3934AB491AB3821600941344 /* Sources */ = {
			isa = PBXSourcesBuildPhase;
			buildActionMask = 2147483647;
			files = (
				3913C9671AC4F32400128D06 /* QCMethod.swift in Sources */,
				3934AB581AB3821600941344 /* ViewController.swift in Sources */,
				39A44E1D1AD06F8600539CFE /* Device.swift in Sources */,
				395EF6EE1ACC79D00020441A /* SimpleOutgoingButton.swift in Sources */,
				39A44E2E1AD1017E00539CFE /* IncomingVC.swift in Sources */,
				39601F791AB400B100B52C1D /* SomeObject.m in Sources */,
				3934AB531AB3821600941344 /* AppDelegate.swift in Sources */,
				39D4D6211ABA75D700597CCA /* Range.swift in Sources */,
				39601F751AB3FD1400B52C1D /* SoulCatcher.swift in Sources */,
				39D4D6221ABA75D700597CCA /* Sequence.swift in Sources */,
				395EF6F21ACC92230020441A /* Constants.swift in Sources */,
				3990C95A1AB3A39F0029F087 /* SoulPlayer.swift in Sources */,
				3934AB561AB3821600941344 /* SoulCast.xcdatamodeld in Sources */,
				39D4D61E1ABA75D700597CCA /* Int.swift in Sources */,
				3990C9561AB3A2350029F087 /* Soul.swift in Sources */,
				39601F7C1AB400E100B52C1D /* TPOscilloscopeLayer.m in Sources */,
				39A44E1B1AD057A500539CFE /* SoulPusher.swift in Sources */,
				39D4D61B1ABA75D700597CCA /* Double.swift in Sources */,
				39D4D61A1ABA75D700597CCA /* Character.swift in Sources */,
				39D4D6161ABA75D700597CCA /* Array.swift in Sources */,
				39D4D6191ABA75D700597CCA /* Bool.swift in Sources */,
				3990C95C1AB3A3A60029F087 /* SoulCaster.swift in Sources */,
				395F22E41ABB6C4D00DFF05B /* SwiftJK.swift in Sources */,
				39D4D61C1ABA75D700597CCA /* ExSwift.swift in Sources */,
				39D4D61F1ABA75D700597CCA /* NSArray.swift in Sources */,
				39D4D6171ABA75D700597CCA /* Dictionary.swift in Sources */,
				3990C9541AB3A0520029F087 /* OutgoingButtonVC.swift in Sources */,
				39A44E191ACFC9E700539CFE /* DeviceManager.swift in Sources */,
				39D4D61D1ABA75D700597CCA /* Float.swift in Sources */,
				3990C9581AB3A3970029F087 /* SoulRecorder.swift in Sources */,
				39D4D6181ABA75D700597CCA /* String.swift in Sources */,
				39D4D6201ABA75D700597CCA /* NSDate.swift in Sources */,
				3990C9501AB390A80029F087 /* MapVC.swift in Sources */,
				3913C9651AC4F2FC00128D06 /* OutgoingButton.swift in Sources */,
			);
			runOnlyForDeploymentPostprocessing = 0;
		};
		3934AB611AB3821600941344 /* Sources */ = {
			isa = PBXSourcesBuildPhase;
			buildActionMask = 2147483647;
			files = (
				3934AB6C1AB3821600941344 /* SoulCastTests.swift in Sources */,
			);
			runOnlyForDeploymentPostprocessing = 0;
		};
/* End PBXSourcesBuildPhase section */

/* Begin PBXTargetDependency section */
		3934AB671AB3821600941344 /* PBXTargetDependency */ = {
			isa = PBXTargetDependency;
			target = 3934AB4C1AB3821600941344 /* SoulCast */;
			targetProxy = 3934AB661AB3821600941344 /* PBXContainerItemProxy */;
		};
/* End PBXTargetDependency section */

/* Begin PBXVariantGroup section */
		3934AB591AB3821600941344 /* Main.storyboard */ = {
			isa = PBXVariantGroup;
			children = (
				3934AB5A1AB3821600941344 /* Base */,
			);
			name = Main.storyboard;
			sourceTree = "<group>";
		};
		3934AB5E1AB3821600941344 /* LaunchScreen.xib */ = {
			isa = PBXVariantGroup;
			children = (
				3934AB5F1AB3821600941344 /* Base */,
			);
			name = LaunchScreen.xib;
			sourceTree = "<group>";
		};
/* End PBXVariantGroup section */

/* Begin XCBuildConfiguration section */
		3934AB6D1AB3821600941344 /* Debug */ = {
			isa = XCBuildConfiguration;
			buildSettings = {
				ALWAYS_SEARCH_USER_PATHS = NO;
				CLANG_CXX_LANGUAGE_STANDARD = "gnu++0x";
				CLANG_CXX_LIBRARY = "libc++";
				CLANG_ENABLE_MODULES = YES;
				CLANG_ENABLE_OBJC_ARC = YES;
				CLANG_WARN_BOOL_CONVERSION = YES;
				CLANG_WARN_CONSTANT_CONVERSION = YES;
				CLANG_WARN_DIRECT_OBJC_ISA_USAGE = YES_ERROR;
				CLANG_WARN_EMPTY_BODY = YES;
				CLANG_WARN_ENUM_CONVERSION = YES;
				CLANG_WARN_INT_CONVERSION = YES;
				CLANG_WARN_OBJC_ROOT_CLASS = YES_ERROR;
				CLANG_WARN_UNREACHABLE_CODE = YES;
				CLANG_WARN__DUPLICATE_METHOD_MATCH = YES;
				CODE_SIGN_IDENTITY = "iPhone Developer: June Kim (L77MH25752)";
				"CODE_SIGN_IDENTITY[sdk=iphoneos*]" = "iPhone Developer";
				COPY_PHASE_STRIP = NO;
				ENABLE_STRICT_OBJC_MSGSEND = YES;
				GCC_C_LANGUAGE_STANDARD = gnu99;
				GCC_DYNAMIC_NO_PIC = NO;
				GCC_OPTIMIZATION_LEVEL = 0;
				GCC_PREPROCESSOR_DEFINITIONS = (
					"DEBUG=1",
					"$(inherited)",
				);
				GCC_SYMBOLS_PRIVATE_EXTERN = NO;
				GCC_WARN_64_TO_32_BIT_CONVERSION = YES;
				GCC_WARN_ABOUT_RETURN_TYPE = YES_ERROR;
				GCC_WARN_UNDECLARED_SELECTOR = YES;
				GCC_WARN_UNINITIALIZED_AUTOS = YES_AGGRESSIVE;
				GCC_WARN_UNUSED_FUNCTION = YES;
				GCC_WARN_UNUSED_VARIABLE = YES;
				IPHONEOS_DEPLOYMENT_TARGET = 8.1;
				MTL_ENABLE_DEBUG_INFO = YES;
				ONLY_ACTIVE_ARCH = YES;
				PROVISIONING_PROFILE = "8d06aae9-ef13-4a15-8923-c8c73e548b0a";
				SDKROOT = iphoneos;
				SWIFT_OPTIMIZATION_LEVEL = "-Onone";
			};
			name = Debug;
		};
		3934AB6E1AB3821600941344 /* Release */ = {
			isa = XCBuildConfiguration;
			buildSettings = {
				ALWAYS_SEARCH_USER_PATHS = NO;
				CLANG_CXX_LANGUAGE_STANDARD = "gnu++0x";
				CLANG_CXX_LIBRARY = "libc++";
				CLANG_ENABLE_MODULES = YES;
				CLANG_ENABLE_OBJC_ARC = YES;
				CLANG_WARN_BOOL_CONVERSION = YES;
				CLANG_WARN_CONSTANT_CONVERSION = YES;
				CLANG_WARN_DIRECT_OBJC_ISA_USAGE = YES_ERROR;
				CLANG_WARN_EMPTY_BODY = YES;
				CLANG_WARN_ENUM_CONVERSION = YES;
				CLANG_WARN_INT_CONVERSION = YES;
				CLANG_WARN_OBJC_ROOT_CLASS = YES_ERROR;
				CLANG_WARN_UNREACHABLE_CODE = YES;
				CLANG_WARN__DUPLICATE_METHOD_MATCH = YES;
				CODE_SIGN_IDENTITY = "iPhone Developer: June Kim (L77MH25752)";
				"CODE_SIGN_IDENTITY[sdk=iphoneos*]" = "iPhone Developer";
				COPY_PHASE_STRIP = NO;
				ENABLE_NS_ASSERTIONS = NO;
				ENABLE_STRICT_OBJC_MSGSEND = YES;
				GCC_C_LANGUAGE_STANDARD = gnu99;
				GCC_WARN_64_TO_32_BIT_CONVERSION = YES;
				GCC_WARN_ABOUT_RETURN_TYPE = YES_ERROR;
				GCC_WARN_UNDECLARED_SELECTOR = YES;
				GCC_WARN_UNINITIALIZED_AUTOS = YES_AGGRESSIVE;
				GCC_WARN_UNUSED_FUNCTION = YES;
				GCC_WARN_UNUSED_VARIABLE = YES;
				IPHONEOS_DEPLOYMENT_TARGET = 8.1;
				MTL_ENABLE_DEBUG_INFO = NO;
				PROVISIONING_PROFILE = "8d06aae9-ef13-4a15-8923-c8c73e548b0a";
				SDKROOT = iphoneos;
				VALIDATE_PRODUCT = YES;
			};
			name = Release;
		};
		3934AB701AB3821600941344 /* Debug */ = {
			isa = XCBuildConfiguration;
			baseConfigurationReference = 89DB9E60780F151CEA8FC8A6 /* Pods-SoulCast.debug.xcconfig */;
			buildSettings = {
				ASSETCATALOG_COMPILER_APPICON_NAME = AppIcon;
				CLANG_ENABLE_MODULES = YES;
				CODE_SIGN_IDENTITY = "";
				"CODE_SIGN_IDENTITY[sdk=iphoneos*]" = "iPhone Developer";
				INFOPLIST_FILE = SoulCast/Info.plist;
				LD_RUNPATH_SEARCH_PATHS = "$(inherited) @executable_path/Frameworks";
				PRODUCT_NAME = Soulcast;
				PROVISIONING_PROFILE = "8d06aae9-ef13-4a15-8923-c8c73e548b0a";
				SWIFT_OBJC_BRIDGING_HEADER = "SoulCast/SoulCast-Bridging-Header.h";
				SWIFT_OPTIMIZATION_LEVEL = "-Onone";
			};
			name = Debug;
		};
		3934AB711AB3821600941344 /* Release */ = {
			isa = XCBuildConfiguration;
			baseConfigurationReference = 72A9DEE19E711BA0EC0C6CE8 /* Pods-SoulCast.release.xcconfig */;
			buildSettings = {
				ASSETCATALOG_COMPILER_APPICON_NAME = AppIcon;
				CLANG_ENABLE_MODULES = YES;
				CODE_SIGN_IDENTITY = "";
				"CODE_SIGN_IDENTITY[sdk=iphoneos*]" = "iPhone Developer";
				INFOPLIST_FILE = SoulCast/Info.plist;
				LD_RUNPATH_SEARCH_PATHS = "$(inherited) @executable_path/Frameworks";
				PRODUCT_NAME = Soulcast;
				PROVISIONING_PROFILE = "8d06aae9-ef13-4a15-8923-c8c73e548b0a";
				SWIFT_OBJC_BRIDGING_HEADER = "SoulCast/SoulCast-Bridging-Header.h";
			};
			name = Release;
		};
		3934AB731AB3821600941344 /* Debug */ = {
			isa = XCBuildConfiguration;
			buildSettings = {
				BUNDLE_LOADER = "$(TEST_HOST)";
				CODE_SIGN_IDENTITY = "iPhone Developer";
				"CODE_SIGN_IDENTITY[sdk=iphoneos*]" = "iPhone Developer";
				FRAMEWORK_SEARCH_PATHS = (
					"$(SDKROOT)/Developer/Library/Frameworks",
					"$(inherited)",
				);
				GCC_PREPROCESSOR_DEFINITIONS = (
					"DEBUG=1",
					"$(inherited)",
				);
				INFOPLIST_FILE = SoulCastTests/Info.plist;
				LD_RUNPATH_SEARCH_PATHS = "$(inherited) @executable_path/Frameworks @loader_path/Frameworks";
				PRODUCT_NAME = "$(TARGET_NAME)";
				PROVISIONING_PROFILE = "";
				TEST_HOST = "$(BUILT_PRODUCTS_DIR)/SoulCast.app/SoulCast";
			};
			name = Debug;
		};
		3934AB741AB3821600941344 /* Release */ = {
			isa = XCBuildConfiguration;
			buildSettings = {
				BUNDLE_LOADER = "$(TEST_HOST)";
				CODE_SIGN_IDENTITY = "iPhone Developer";
				"CODE_SIGN_IDENTITY[sdk=iphoneos*]" = "iPhone Developer";
				FRAMEWORK_SEARCH_PATHS = (
					"$(SDKROOT)/Developer/Library/Frameworks",
					"$(inherited)",
				);
				INFOPLIST_FILE = SoulCastTests/Info.plist;
				LD_RUNPATH_SEARCH_PATHS = "$(inherited) @executable_path/Frameworks @loader_path/Frameworks";
				PRODUCT_NAME = "$(TARGET_NAME)";
				PROVISIONING_PROFILE = "";
				TEST_HOST = "$(BUILT_PRODUCTS_DIR)/SoulCast.app/SoulCast";
			};
			name = Release;
		};
/* End XCBuildConfiguration section */

/* Begin XCConfigurationList section */
		3934AB481AB3821600941344 /* Build configuration list for PBXProject "SoulCast" */ = {
			isa = XCConfigurationList;
			buildConfigurations = (
				3934AB6D1AB3821600941344 /* Debug */,
				3934AB6E1AB3821600941344 /* Release */,
			);
			defaultConfigurationIsVisible = 0;
			defaultConfigurationName = Release;
		};
		3934AB6F1AB3821600941344 /* Build configuration list for PBXNativeTarget "SoulCast" */ = {
			isa = XCConfigurationList;
			buildConfigurations = (
				3934AB701AB3821600941344 /* Debug */,
				3934AB711AB3821600941344 /* Release */,
			);
			defaultConfigurationIsVisible = 0;
			defaultConfigurationName = Release;
		};
		3934AB721AB3821600941344 /* Build configuration list for PBXNativeTarget "SoulCastTests" */ = {
			isa = XCConfigurationList;
			buildConfigurations = (
				3934AB731AB3821600941344 /* Debug */,
				3934AB741AB3821600941344 /* Release */,
			);
			defaultConfigurationIsVisible = 0;
			defaultConfigurationName = Release;
		};
/* End XCConfigurationList section */

/* Begin XCVersionGroup section */
		3934AB541AB3821600941344 /* SoulCast.xcdatamodeld */ = {
			isa = XCVersionGroup;
			children = (
				3934AB551AB3821600941344 /* SoulCast.xcdatamodel */,
			);
			currentVersion = 3934AB551AB3821600941344 /* SoulCast.xcdatamodel */;
			path = SoulCast.xcdatamodeld;
			sourceTree = "<group>";
			versionGroupType = wrapper.xcdatamodel;
		};
/* End XCVersionGroup section */
	};
	rootObject = 3934AB451AB3821600941344 /* Project object */;
}
