// !$*UTF8*$!
{
	archiveVersion = 1;
	classes = {
	};
	objectVersion = 46;
	objects = {

/* Begin PBXBuildFile section */
		390A916A1AE48FF4005AEB3A /* PlayPauseButton.swift in Sources */ = {isa = PBXBuildFile; fileRef = 390A91691AE48FF4005AEB3A /* PlayPauseButton.swift */; };
		3913C9651AC4F2FC00128D06 /* OutgoingButton.swift in Sources */ = {isa = PBXBuildFile; fileRef = 3913C9641AC4F2FC00128D06 /* OutgoingButton.swift */; };
		3934AB531AB3821600941344 /* AppDelegate.swift in Sources */ = {isa = PBXBuildFile; fileRef = 3934AB521AB3821600941344 /* AppDelegate.swift */; };
		3934AB561AB3821600941344 /* SoulCast.xcdatamodeld in Sources */ = {isa = PBXBuildFile; fileRef = 3934AB541AB3821600941344 /* SoulCast.xcdatamodeld */; };
		3934AB581AB3821600941344 /* ViewController.swift in Sources */ = {isa = PBXBuildFile; fileRef = 3934AB571AB3821600941344 /* ViewController.swift */; };
		3934AB5B1AB3821600941344 /* Main.storyboard in Resources */ = {isa = PBXBuildFile; fileRef = 3934AB591AB3821600941344 /* Main.storyboard */; };
		3934AB5D1AB3821600941344 /* Images.xcassets in Resources */ = {isa = PBXBuildFile; fileRef = 3934AB5C1AB3821600941344 /* Images.xcassets */; };
		3934AB601AB3821600941344 /* LaunchScreen.xib in Resources */ = {isa = PBXBuildFile; fileRef = 3934AB5E1AB3821600941344 /* LaunchScreen.xib */; };
		3934AB6C1AB3821600941344 /* SoulCastTests.swift in Sources */ = {isa = PBXBuildFile; fileRef = 3934AB6B1AB3821600941344 /* SoulCastTests.swift */; };
		395F22E41ABB6C4D00DFF05B /* SwiftJK.swift in Sources */ = {isa = PBXBuildFile; fileRef = 395F22E31ABB6C4D00DFF05B /* SwiftJK.swift */; };
		39601F751AB3FD1400B52C1D /* SoulCatcher.swift in Sources */ = {isa = PBXBuildFile; fileRef = 39601F741AB3FD1400B52C1D /* SoulCatcher.swift */; };
		39601F791AB400B100B52C1D /* SomeObject.m in Sources */ = {isa = PBXBuildFile; fileRef = 39601F781AB400B100B52C1D /* SomeObject.m */; };
		39601F7C1AB400E100B52C1D /* TPOscilloscopeLayer.m in Sources */ = {isa = PBXBuildFile; fileRef = 39601F7B1AB400E100B52C1D /* TPOscilloscopeLayer.m */; };
		3962E6A71AE479B9008434ED /* RadiusVC.swift in Sources */ = {isa = PBXBuildFile; fileRef = 3962E6A61AE479B9008434ED /* RadiusVC.swift */; };
		3990C94C1AB38D0E0029F087 /* MapKit.framework in Frameworks */ = {isa = PBXBuildFile; fileRef = 3990C94B1AB38D0E0029F087 /* MapKit.framework */; };
		3990C94E1AB38EE80029F087 /* CoreLocation.framework in Frameworks */ = {isa = PBXBuildFile; fileRef = 3990C94D1AB38EE80029F087 /* CoreLocation.framework */; };
		3990C9501AB390A80029F087 /* MapVC.swift in Sources */ = {isa = PBXBuildFile; fileRef = 3990C94F1AB390A80029F087 /* MapVC.swift */; };
		3990C9541AB3A0520029F087 /* OutgoingVC.swift in Sources */ = {isa = PBXBuildFile; fileRef = 3990C9531AB3A0520029F087 /* OutgoingVC.swift */; };
		3990C9561AB3A2350029F087 /* Soul.swift in Sources */ = {isa = PBXBuildFile; fileRef = 3990C9551AB3A2350029F087 /* Soul.swift */; };
		3990C9581AB3A3970029F087 /* SoulRecorder.swift in Sources */ = {isa = PBXBuildFile; fileRef = 3990C9571AB3A3970029F087 /* SoulRecorder.swift */; };
		3990C95A1AB3A39F0029F087 /* SoulPlayer.swift in Sources */ = {isa = PBXBuildFile; fileRef = 3990C9591AB3A39F0029F087 /* SoulPlayer.swift */; };
		3990C95C1AB3A3A60029F087 /* SoulCaster.swift in Sources */ = {isa = PBXBuildFile; fileRef = 3990C95B1AB3A3A60029F087 /* SoulCaster.swift */; };
		39A44E191ACFC9E700539CFE /* DeviceManager.swift in Sources */ = {isa = PBXBuildFile; fileRef = 39A44E181ACFC9E700539CFE /* DeviceManager.swift */; };
		39A44E1B1AD057A500539CFE /* SoulPusher.swift in Sources */ = {isa = PBXBuildFile; fileRef = 39A44E1A1AD057A500539CFE /* SoulPusher.swift */; };
		39A44E1D1AD06F8600539CFE /* Device.swift in Sources */ = {isa = PBXBuildFile; fileRef = 39A44E1C1AD06F8600539CFE /* Device.swift */; };
		39A44E2E1AD1017E00539CFE /* IncomingVC.swift in Sources */ = {isa = PBXBuildFile; fileRef = 39A44E2D1AD1017E00539CFE /* IncomingVC.swift */; };
		39AAECF41AD1070600E9C0FA /* SoulTester.swift in Sources */ = {isa = PBXBuildFile; fileRef = 39AAECF31AD1070600E9C0FA /* SoulTester.swift */; };
		39AAECF61AD10F3A00E9C0FA /* SoulStack.swift in Sources */ = {isa = PBXBuildFile; fileRef = 39AAECF51AD10F3A00E9C0FA /* SoulStack.swift */; };
		5C7EFB109DCD035443216097 /* libPods-SoulCast.a in Frameworks */ = {isa = PBXBuildFile; fileRef = 9CC2AA3AF7AFC25010922935 /* libPods-SoulCast.a */; };
		9D82F54ED7FDCDB12619A2A0 /* libPods-SoulCastTests.a in Frameworks */ = {isa = PBXBuildFile; fileRef = 324C82E677F3D1E0E42045F9 /* libPods-SoulCastTests.a */; };
		BDD32EE81D65741700824EA7 /* Constants.swift in Sources */ = {isa = PBXBuildFile; fileRef = BDD32EE71D65741700824EA7 /* Constants.swift */; };
/* End PBXBuildFile section */

/* Begin PBXContainerItemProxy section */
		3934AB661AB3821600941344 /* PBXContainerItemProxy */ = {
			isa = PBXContainerItemProxy;
			containerPortal = 3934AB451AB3821600941344 /* Project object */;
			proxyType = 1;
			remoteGlobalIDString = 3934AB4C1AB3821600941344;
			remoteInfo = SoulCast;
		};
/* End PBXContainerItemProxy section */

/* Begin PBXFileReference section */
		1297CEF1CA5061C8D4D2FD13 /* Pods-SoulCast.debug.xcconfig */ = {isa = PBXFileReference; includeInIndex = 1; lastKnownFileType = text.xcconfig; name = "Pods-SoulCast.debug.xcconfig"; path = "Pods/Target Support Files/Pods-SoulCast/Pods-SoulCast.debug.xcconfig"; sourceTree = "<group>"; };
		324C82E677F3D1E0E42045F9 /* libPods-SoulCastTests.a */ = {isa = PBXFileReference; explicitFileType = archive.ar; includeInIndex = 0; path = "libPods-SoulCastTests.a"; sourceTree = BUILT_PRODUCTS_DIR; };
		390A91691AE48FF4005AEB3A /* PlayPauseButton.swift */ = {isa = PBXFileReference; fileEncoding = 4; lastKnownFileType = sourcecode.swift; path = PlayPauseButton.swift; sourceTree = "<group>"; };
		3913C9641AC4F2FC00128D06 /* OutgoingButton.swift */ = {isa = PBXFileReference; fileEncoding = 4; lastKnownFileType = sourcecode.swift; path = OutgoingButton.swift; sourceTree = "<group>"; };
		3934AB4D1AB3821600941344 /* Soulcast.app */ = {isa = PBXFileReference; explicitFileType = wrapper.application; includeInIndex = 0; path = Soulcast.app; sourceTree = BUILT_PRODUCTS_DIR; };
		3934AB511AB3821600941344 /* Info.plist */ = {isa = PBXFileReference; lastKnownFileType = text.plist.xml; path = Info.plist; sourceTree = "<group>"; };
		3934AB521AB3821600941344 /* AppDelegate.swift */ = {isa = PBXFileReference; lastKnownFileType = sourcecode.swift; path = AppDelegate.swift; sourceTree = "<group>"; };
		3934AB551AB3821600941344 /* SoulCast.xcdatamodel */ = {isa = PBXFileReference; lastKnownFileType = wrapper.xcdatamodel; path = SoulCast.xcdatamodel; sourceTree = "<group>"; };
		3934AB571AB3821600941344 /* ViewController.swift */ = {isa = PBXFileReference; lastKnownFileType = sourcecode.swift; path = ViewController.swift; sourceTree = "<group>"; };
		3934AB5A1AB3821600941344 /* Base */ = {isa = PBXFileReference; lastKnownFileType = file.storyboard; name = Base; path = Base.lproj/Main.storyboard; sourceTree = "<group>"; };
		3934AB5C1AB3821600941344 /* Images.xcassets */ = {isa = PBXFileReference; lastKnownFileType = folder.assetcatalog; path = Images.xcassets; sourceTree = "<group>"; };
		3934AB5F1AB3821600941344 /* Base */ = {isa = PBXFileReference; lastKnownFileType = file.xib; name = Base; path = Base.lproj/LaunchScreen.xib; sourceTree = "<group>"; };
		3934AB651AB3821600941344 /* SoulCastTests.xctest */ = {isa = PBXFileReference; explicitFileType = wrapper.cfbundle; includeInIndex = 0; path = SoulCastTests.xctest; sourceTree = BUILT_PRODUCTS_DIR; };
		3934AB6A1AB3821600941344 /* Info.plist */ = {isa = PBXFileReference; lastKnownFileType = text.plist.xml; path = Info.plist; sourceTree = "<group>"; };
		3934AB6B1AB3821600941344 /* SoulCastTests.swift */ = {isa = PBXFileReference; lastKnownFileType = sourcecode.swift; path = SoulCastTests.swift; sourceTree = "<group>"; };
		395F22E31ABB6C4D00DFF05B /* SwiftJK.swift */ = {isa = PBXFileReference; fileEncoding = 4; lastKnownFileType = sourcecode.swift; path = SwiftJK.swift; sourceTree = "<group>"; };
		39601F741AB3FD1400B52C1D /* SoulCatcher.swift */ = {isa = PBXFileReference; fileEncoding = 4; lastKnownFileType = sourcecode.swift; path = SoulCatcher.swift; sourceTree = "<group>"; };
		39601F761AB400B100B52C1D /* SoulCast-Bridging-Header.h */ = {isa = PBXFileReference; lastKnownFileType = sourcecode.c.h; path = "SoulCast-Bridging-Header.h"; sourceTree = "<group>"; };
		39601F771AB400B100B52C1D /* SomeObject.h */ = {isa = PBXFileReference; fileEncoding = 4; lastKnownFileType = sourcecode.c.h; path = SomeObject.h; sourceTree = "<group>"; };
		39601F781AB400B100B52C1D /* SomeObject.m */ = {isa = PBXFileReference; fileEncoding = 4; lastKnownFileType = sourcecode.c.objc; path = SomeObject.m; sourceTree = "<group>"; };
		39601F7A1AB400E100B52C1D /* TPOscilloscopeLayer.h */ = {isa = PBXFileReference; fileEncoding = 4; lastKnownFileType = sourcecode.c.h; path = TPOscilloscopeLayer.h; sourceTree = "<group>"; };
		39601F7B1AB400E100B52C1D /* TPOscilloscopeLayer.m */ = {isa = PBXFileReference; fileEncoding = 4; lastKnownFileType = sourcecode.c.objc; path = TPOscilloscopeLayer.m; sourceTree = "<group>"; };
		3962E6A61AE479B9008434ED /* RadiusVC.swift */ = {isa = PBXFileReference; fileEncoding = 4; lastKnownFileType = sourcecode.swift; path = RadiusVC.swift; sourceTree = "<group>"; };
		3990C94B1AB38D0E0029F087 /* MapKit.framework */ = {isa = PBXFileReference; lastKnownFileType = wrapper.framework; name = MapKit.framework; path = System/Library/Frameworks/MapKit.framework; sourceTree = SDKROOT; };
		3990C94D1AB38EE80029F087 /* CoreLocation.framework */ = {isa = PBXFileReference; lastKnownFileType = wrapper.framework; name = CoreLocation.framework; path = System/Library/Frameworks/CoreLocation.framework; sourceTree = SDKROOT; };
		3990C94F1AB390A80029F087 /* MapVC.swift */ = {isa = PBXFileReference; fileEncoding = 4; lastKnownFileType = sourcecode.swift; lineEnding = 0; path = MapVC.swift; sourceTree = "<group>"; xcLanguageSpecificationIdentifier = xcode.lang.swift; };
		3990C9531AB3A0520029F087 /* OutgoingVC.swift */ = {isa = PBXFileReference; fileEncoding = 4; lastKnownFileType = sourcecode.swift; path = OutgoingVC.swift; sourceTree = "<group>"; };
		3990C9551AB3A2350029F087 /* Soul.swift */ = {isa = PBXFileReference; fileEncoding = 4; lastKnownFileType = sourcecode.swift; path = Soul.swift; sourceTree = "<group>"; };
		3990C9571AB3A3970029F087 /* SoulRecorder.swift */ = {isa = PBXFileReference; fileEncoding = 4; lastKnownFileType = sourcecode.swift; path = SoulRecorder.swift; sourceTree = "<group>"; };
		3990C9591AB3A39F0029F087 /* SoulPlayer.swift */ = {isa = PBXFileReference; fileEncoding = 4; lastKnownFileType = sourcecode.swift; path = SoulPlayer.swift; sourceTree = "<group>"; };
		3990C95B1AB3A3A60029F087 /* SoulCaster.swift */ = {isa = PBXFileReference; fileEncoding = 4; lastKnownFileType = sourcecode.swift; path = SoulCaster.swift; sourceTree = "<group>"; };
		39A44E181ACFC9E700539CFE /* DeviceManager.swift */ = {isa = PBXFileReference; fileEncoding = 4; lastKnownFileType = sourcecode.swift; path = DeviceManager.swift; sourceTree = "<group>"; };
		39A44E1A1AD057A500539CFE /* SoulPusher.swift */ = {isa = PBXFileReference; fileEncoding = 4; lastKnownFileType = sourcecode.swift; path = SoulPusher.swift; sourceTree = "<group>"; };
		39A44E1C1AD06F8600539CFE /* Device.swift */ = {isa = PBXFileReference; fileEncoding = 4; lastKnownFileType = sourcecode.swift; path = Device.swift; sourceTree = "<group>"; };
		39A44E2D1AD1017E00539CFE /* IncomingVC.swift */ = {isa = PBXFileReference; fileEncoding = 4; lastKnownFileType = sourcecode.swift; path = IncomingVC.swift; sourceTree = "<group>"; };
		39AAECF31AD1070600E9C0FA /* SoulTester.swift */ = {isa = PBXFileReference; fileEncoding = 4; lastKnownFileType = sourcecode.swift; path = SoulTester.swift; sourceTree = "<group>"; };
		39AAECF51AD10F3A00E9C0FA /* SoulStack.swift */ = {isa = PBXFileReference; fileEncoding = 4; lastKnownFileType = sourcecode.swift; path = SoulStack.swift; sourceTree = "<group>"; };
		499645BCDA4CB93A400F8A8B /* Pods-SoulCastTests.debug.xcconfig */ = {isa = PBXFileReference; includeInIndex = 1; lastKnownFileType = text.xcconfig; name = "Pods-SoulCastTests.debug.xcconfig"; path = "Pods/Target Support Files/Pods-SoulCastTests/Pods-SoulCastTests.debug.xcconfig"; sourceTree = "<group>"; };
		8E5A0A462AF6C2DAA5C01A44 /* Pods-SoulCast.release.xcconfig */ = {isa = PBXFileReference; includeInIndex = 1; lastKnownFileType = text.xcconfig; name = "Pods-SoulCast.release.xcconfig"; path = "Pods/Target Support Files/Pods-SoulCast/Pods-SoulCast.release.xcconfig"; sourceTree = "<group>"; };
		9CC2AA3AF7AFC25010922935 /* libPods-SoulCast.a */ = {isa = PBXFileReference; explicitFileType = archive.ar; includeInIndex = 0; path = "libPods-SoulCast.a"; sourceTree = BUILT_PRODUCTS_DIR; };
		BDD32EE71D65741700824EA7 /* Constants.swift */ = {isa = PBXFileReference; fileEncoding = 4; lastKnownFileType = sourcecode.swift; path = Constants.swift; sourceTree = "<group>"; };
		BFF0D41CC8613EBB02E2DA95 /* Pods-SoulCastTests.release.xcconfig */ = {isa = PBXFileReference; includeInIndex = 1; lastKnownFileType = text.xcconfig; name = "Pods-SoulCastTests.release.xcconfig"; path = "Pods/Target Support Files/Pods-SoulCastTests/Pods-SoulCastTests.release.xcconfig"; sourceTree = "<group>"; };
/* End PBXFileReference section */

/* Begin PBXFrameworksBuildPhase section */
		3934AB4A1AB3821600941344 /* Frameworks */ = {
			isa = PBXFrameworksBuildPhase;
			buildActionMask = 2147483647;
			files = (
				3990C94E1AB38EE80029F087 /* CoreLocation.framework in Frameworks */,
				3990C94C1AB38D0E0029F087 /* MapKit.framework in Frameworks */,
				5C7EFB109DCD035443216097 /* libPods-SoulCast.a in Frameworks */,
			);
			runOnlyForDeploymentPostprocessing = 0;
		};
		3934AB621AB3821600941344 /* Frameworks */ = {
			isa = PBXFrameworksBuildPhase;
			buildActionMask = 2147483647;
			files = (
				9D82F54ED7FDCDB12619A2A0 /* libPods-SoulCastTests.a in Frameworks */,
			);
			runOnlyForDeploymentPostprocessing = 0;
		};
/* End PBXFrameworksBuildPhase section */

/* Begin PBXGroup section */
		3934AB441AB3821600941344 = {
			isa = PBXGroup;
			children = (
				3934AB4F1AB3821600941344 /* SoulCast */,
				3934AB681AB3821600941344 /* SoulCastTests */,
				3934AB4E1AB3821600941344 /* Products */,
				62D50BEF884D6DB44C702009 /* Frameworks */,
				A06FDB8CDA7CB36430CB9B4B /* Pods */,
			);
			sourceTree = "<group>";
		};
		3934AB4E1AB3821600941344 /* Products */ = {
			isa = PBXGroup;
			children = (
				3934AB4D1AB3821600941344 /* Soulcast.app */,
				3934AB651AB3821600941344 /* SoulCastTests.xctest */,
			);
			name = Products;
			sourceTree = "<group>";
		};
		3934AB4F1AB3821600941344 /* SoulCast */ = {
			isa = PBXGroup;
			children = (
				3934AB521AB3821600941344 /* AppDelegate.swift */,
				39AAECF31AD1070600E9C0FA /* SoulTester.swift */,
				BDD32EE71D65741700824EA7 /* Constants.swift */,
				39601F7D1AB400E900B52C1D /* ViewControllers */,
				39601F7E1AB400FD00B52C1D /* Soul */,
				39A44E171ACFC98C00539CFE /* Device */,
				39F6360B1ABBC8DB003CB557 /* Views */,
				395F22E31ABB6C4D00DFF05B /* SwiftJK.swift */,
				3934AB5C1AB3821600941344 /* Images.xcassets */,
				3934AB5E1AB3821600941344 /* LaunchScreen.xib */,
				3934AB541AB3821600941344 /* SoulCast.xcdatamodeld */,
				3934AB501AB3821600941344 /* Supporting Files */,
				39601F761AB400B100B52C1D /* SoulCast-Bridging-Header.h */,
			);
			path = SoulCast;
			sourceTree = "<group>";
		};
		3934AB501AB3821600941344 /* Supporting Files */ = {
			isa = PBXGroup;
			children = (
				39601F771AB400B100B52C1D /* SomeObject.h */,
				39601F781AB400B100B52C1D /* SomeObject.m */,
				3934AB511AB3821600941344 /* Info.plist */,
			);
			name = "Supporting Files";
			sourceTree = "<group>";
		};
		3934AB681AB3821600941344 /* SoulCastTests */ = {
			isa = PBXGroup;
			children = (
				3934AB6B1AB3821600941344 /* SoulCastTests.swift */,
				3934AB691AB3821600941344 /* Supporting Files */,
			);
			path = SoulCastTests;
			sourceTree = "<group>";
		};
		3934AB691AB3821600941344 /* Supporting Files */ = {
			isa = PBXGroup;
			children = (
				3934AB6A1AB3821600941344 /* Info.plist */,
			);
			name = "Supporting Files";
			sourceTree = "<group>";
		};
		39601F7D1AB400E900B52C1D /* ViewControllers */ = {
			isa = PBXGroup;
			children = (
				3934AB571AB3821600941344 /* ViewController.swift */,
				3990C9531AB3A0520029F087 /* OutgoingVC.swift */,
				39A44E2D1AD1017E00539CFE /* IncomingVC.swift */,
				3962E6A61AE479B9008434ED /* RadiusVC.swift */,
				3990C94F1AB390A80029F087 /* MapVC.swift */,
			);
			name = ViewControllers;
			sourceTree = "<group>";
		};
		39601F7E1AB400FD00B52C1D /* Soul */ = {
			isa = PBXGroup;
			children = (
				3990C9551AB3A2350029F087 /* Soul.swift */,
				3990C9571AB3A3970029F087 /* SoulRecorder.swift */,
				3990C9591AB3A39F0029F087 /* SoulPlayer.swift */,
				3990C95B1AB3A3A60029F087 /* SoulCaster.swift */,
				39601F741AB3FD1400B52C1D /* SoulCatcher.swift */,
				39A44E1A1AD057A500539CFE /* SoulPusher.swift */,
				39AAECF51AD10F3A00E9C0FA /* SoulStack.swift */,
			);
			name = Soul;
			sourceTree = "<group>";
		};
		39A44E171ACFC98C00539CFE /* Device */ = {
			isa = PBXGroup;
			children = (
				39A44E181ACFC9E700539CFE /* DeviceManager.swift */,
				39A44E1C1AD06F8600539CFE /* Device.swift */,
			);
			name = Device;
			sourceTree = "<group>";
		};
		39F6360B1ABBC8DB003CB557 /* Views */ = {
			isa = PBXGroup;
			children = (
				3934AB591AB3821600941344 /* Main.storyboard */,
				3913C9641AC4F2FC00128D06 /* OutgoingButton.swift */,
				390A91691AE48FF4005AEB3A /* PlayPauseButton.swift */,
				39601F7A1AB400E100B52C1D /* TPOscilloscopeLayer.h */,
				39601F7B1AB400E100B52C1D /* TPOscilloscopeLayer.m */,
			);
			name = Views;
			sourceTree = "<group>";
		};
		62D50BEF884D6DB44C702009 /* Frameworks */ = {
			isa = PBXGroup;
			children = (
				3990C94D1AB38EE80029F087 /* CoreLocation.framework */,
				3990C94B1AB38D0E0029F087 /* MapKit.framework */,
				9CC2AA3AF7AFC25010922935 /* libPods-SoulCast.a */,
				324C82E677F3D1E0E42045F9 /* libPods-SoulCastTests.a */,
			);
			name = Frameworks;
			sourceTree = "<group>";
		};
		A06FDB8CDA7CB36430CB9B4B /* Pods */ = {
			isa = PBXGroup;
			children = (
				1297CEF1CA5061C8D4D2FD13 /* Pods-SoulCast.debug.xcconfig */,
				8E5A0A462AF6C2DAA5C01A44 /* Pods-SoulCast.release.xcconfig */,
				499645BCDA4CB93A400F8A8B /* Pods-SoulCastTests.debug.xcconfig */,
				BFF0D41CC8613EBB02E2DA95 /* Pods-SoulCastTests.release.xcconfig */,
			);
			name = Pods;
			sourceTree = "<group>";
		};
/* End PBXGroup section */

/* Begin PBXNativeTarget section */
		3934AB4C1AB3821600941344 /* SoulCast */ = {
			isa = PBXNativeTarget;
			buildConfigurationList = 3934AB6F1AB3821600941344 /* Build configuration list for PBXNativeTarget "SoulCast" */;
			buildPhases = (
				367337D39A89E5944FDC4779 /* [CP] Check Pods Manifest.lock */,
				3934AB491AB3821600941344 /* Sources */,
				3934AB4A1AB3821600941344 /* Frameworks */,
				3934AB4B1AB3821600941344 /* Resources */,
				DEE6D3479CA1AAFEA039610F /* [CP] Embed Pods Frameworks */,
				FA7241F2059017F6216FA859 /* [CP] Copy Pods Resources */,
			);
			buildRules = (
			);
			dependencies = (
			);
			name = SoulCast;
			productName = SoulCast;
			productReference = 3934AB4D1AB3821600941344 /* Soulcast.app */;
			productType = "com.apple.product-type.application";
		};
		3934AB641AB3821600941344 /* SoulCastTests */ = {
			isa = PBXNativeTarget;
			buildConfigurationList = 3934AB721AB3821600941344 /* Build configuration list for PBXNativeTarget "SoulCastTests" */;
			buildPhases = (
				9C7BC08F39DEBD19D237E0EF /* [CP] Check Pods Manifest.lock */,
				3934AB611AB3821600941344 /* Sources */,
				3934AB621AB3821600941344 /* Frameworks */,
				3934AB631AB3821600941344 /* Resources */,
				1229B161C90A13BB548F1019 /* [CP] Embed Pods Frameworks */,
				ABE7A150F9251BE0E22ED0AD /* [CP] Copy Pods Resources */,
			);
			buildRules = (
			);
			dependencies = (
				3934AB671AB3821600941344 /* PBXTargetDependency */,
			);
			name = SoulCastTests;
			productName = SoulCastTests;
			productReference = 3934AB651AB3821600941344 /* SoulCastTests.xctest */;
			productType = "com.apple.product-type.bundle.unit-test";
		};
/* End PBXNativeTarget section */

/* Begin PBXProject section */
		3934AB451AB3821600941344 /* Project object */ = {
			isa = PBXProject;
			attributes = {
				LastSwiftUpdateCheck = 0730;
				LastUpgradeCheck = 0620;
				ORGANIZATIONNAME = June;
				TargetAttributes = {
					3934AB4C1AB3821600941344 = {
						CreatedOnToolsVersion = 6.2;
						DevelopmentTeam = 59SVXWFZ98;
						SystemCapabilities = {
							com.apple.Maps.iOS = {
								enabled = 1;
							};
						};
					};
					3934AB641AB3821600941344 = {
						CreatedOnToolsVersion = 6.2;
						DevelopmentTeam = 59SVXWFZ98;
						TestTargetID = 3934AB4C1AB3821600941344;
					};
				};
			};
			buildConfigurationList = 3934AB481AB3821600941344 /* Build configuration list for PBXProject "SoulCast" */;
			compatibilityVersion = "Xcode 3.2";
			developmentRegion = English;
			hasScannedForEncodings = 0;
			knownRegions = (
				en,
				Base,
			);
			mainGroup = 3934AB441AB3821600941344;
			productRefGroup = 3934AB4E1AB3821600941344 /* Products */;
			projectDirPath = "";
			projectRoot = "";
			targets = (
				3934AB4C1AB3821600941344 /* SoulCast */,
				3934AB641AB3821600941344 /* SoulCastTests */,
			);
		};
/* End PBXProject section */

/* Begin PBXResourcesBuildPhase section */
		3934AB4B1AB3821600941344 /* Resources */ = {
			isa = PBXResourcesBuildPhase;
			buildActionMask = 2147483647;
			files = (
				3934AB5B1AB3821600941344 /* Main.storyboard in Resources */,
				3934AB601AB3821600941344 /* LaunchScreen.xib in Resources */,
				3934AB5D1AB3821600941344 /* Images.xcassets in Resources */,
			);
			runOnlyForDeploymentPostprocessing = 0;
		};
		3934AB631AB3821600941344 /* Resources */ = {
			isa = PBXResourcesBuildPhase;
			buildActionMask = 2147483647;
			files = (
			);
			runOnlyForDeploymentPostprocessing = 0;
		};
/* End PBXResourcesBuildPhase section */

/* Begin PBXShellScriptBuildPhase section */
		1229B161C90A13BB548F1019 /* [CP] Embed Pods Frameworks */ = {
			isa = PBXShellScriptBuildPhase;
			buildActionMask = 2147483647;
			files = (
			);
			inputPaths = (
			);
			name = "[CP] Embed Pods Frameworks";
			outputPaths = (
			);
			runOnlyForDeploymentPostprocessing = 0;
			shellPath = /bin/sh;
			shellScript = "\"${SRCROOT}/Pods/Target Support Files/Pods-SoulCastTests/Pods-SoulCastTests-frameworks.sh\"\n";
			showEnvVarsInLog = 0;
		};
		367337D39A89E5944FDC4779 /* [CP] Check Pods Manifest.lock */ = {
			isa = PBXShellScriptBuildPhase;
			buildActionMask = 2147483647;
			files = (
			);
			inputPaths = (
			);
			name = "[CP] Check Pods Manifest.lock";
			outputPaths = (
			);
			runOnlyForDeploymentPostprocessing = 0;
			shellPath = /bin/sh;
			shellScript = "diff \"${PODS_ROOT}/../Podfile.lock\" \"${PODS_ROOT}/Manifest.lock\" > /dev/null\nif [[ $? != 0 ]] ; then\n    cat << EOM\nerror: The sandbox is not in sync with the Podfile.lock. Run 'pod install' or update your CocoaPods installation.\nEOM\n    exit 1\nfi\n";
			showEnvVarsInLog = 0;
		};
		9C7BC08F39DEBD19D237E0EF /* [CP] Check Pods Manifest.lock */ = {
			isa = PBXShellScriptBuildPhase;
			buildActionMask = 2147483647;
			files = (
			);
			inputPaths = (
			);
			name = "[CP] Check Pods Manifest.lock";
			outputPaths = (
			);
			runOnlyForDeploymentPostprocessing = 0;
			shellPath = /bin/sh;
			shellScript = "diff \"${PODS_ROOT}/../Podfile.lock\" \"${PODS_ROOT}/Manifest.lock\" > /dev/null\nif [[ $? != 0 ]] ; then\n    cat << EOM\nerror: The sandbox is not in sync with the Podfile.lock. Run 'pod install' or update your CocoaPods installation.\nEOM\n    exit 1\nfi\n";
			showEnvVarsInLog = 0;
		};
		ABE7A150F9251BE0E22ED0AD /* [CP] Copy Pods Resources */ = {
			isa = PBXShellScriptBuildPhase;
			buildActionMask = 2147483647;
			files = (
			);
			inputPaths = (
			);
			name = "[CP] Copy Pods Resources";
			outputPaths = (
			);
			runOnlyForDeploymentPostprocessing = 0;
			shellPath = /bin/sh;
			shellScript = "\"${SRCROOT}/Pods/Target Support Files/Pods-SoulCastTests/Pods-SoulCastTests-resources.sh\"\n";
			showEnvVarsInLog = 0;
		};
		DEE6D3479CA1AAFEA039610F /* [CP] Embed Pods Frameworks */ = {
			isa = PBXShellScriptBuildPhase;
			buildActionMask = 2147483647;
			files = (
			);
			inputPaths = (
			);
			name = "[CP] Embed Pods Frameworks";
			outputPaths = (
			);
			runOnlyForDeploymentPostprocessing = 0;
			shellPath = /bin/sh;
			shellScript = "\"${SRCROOT}/Pods/Target Support Files/Pods-SoulCast/Pods-SoulCast-frameworks.sh\"\n";
			showEnvVarsInLog = 0;
		};
		FA7241F2059017F6216FA859 /* [CP] Copy Pods Resources */ = {
			isa = PBXShellScriptBuildPhase;
			buildActionMask = 2147483647;
			files = (
			);
			inputPaths = (
			);
			name = "[CP] Copy Pods Resources";
			outputPaths = (
			);
			runOnlyForDeploymentPostprocessing = 0;
			shellPath = /bin/sh;
			shellScript = "\"${SRCROOT}/Pods/Target Support Files/Pods-SoulCast/Pods-SoulCast-resources.sh\"\n";
			showEnvVarsInLog = 0;
		};
/* End PBXShellScriptBuildPhase section */

/* Begin PBXSourcesBuildPhase section */
		3934AB491AB3821600941344 /* Sources */ = {
			isa = PBXSourcesBuildPhase;
			buildActionMask = 2147483647;
			files = (
				BDD32EE81D65741700824EA7 /* Constants.swift in Sources */,
				3934AB581AB3821600941344 /* ViewController.swift in Sources */,
				39A44E1D1AD06F8600539CFE /* Device.swift in Sources */,
				39A44E2E1AD1017E00539CFE /* IncomingVC.swift in Sources */,
				39601F791AB400B100B52C1D /* SomeObject.m in Sources */,
				39AAECF41AD1070600E9C0FA /* SoulTester.swift in Sources */,
				3934AB531AB3821600941344 /* AppDelegate.swift in Sources */,
				39601F751AB3FD1400B52C1D /* SoulCatcher.swift in Sources */,
				3990C95A1AB3A39F0029F087 /* SoulPlayer.swift in Sources */,
				3934AB561AB3821600941344 /* SoulCast.xcdatamodeld in Sources */,
				3990C9561AB3A2350029F087 /* Soul.swift in Sources */,
				390A916A1AE48FF4005AEB3A /* PlayPauseButton.swift in Sources */,
				39601F7C1AB400E100B52C1D /* TPOscilloscopeLayer.m in Sources */,
				39A44E1B1AD057A500539CFE /* SoulPusher.swift in Sources */,
				3990C95C1AB3A3A60029F087 /* SoulCaster.swift in Sources */,
				395F22E41ABB6C4D00DFF05B /* SwiftJK.swift in Sources */,
				3990C9541AB3A0520029F087 /* OutgoingVC.swift in Sources */,
				3962E6A71AE479B9008434ED /* RadiusVC.swift in Sources */,
				39A44E191ACFC9E700539CFE /* DeviceManager.swift in Sources */,
				3990C9581AB3A3970029F087 /* SoulRecorder.swift in Sources */,
				39AAECF61AD10F3A00E9C0FA /* SoulStack.swift in Sources */,
				3990C9501AB390A80029F087 /* MapVC.swift in Sources */,
				3913C9651AC4F2FC00128D06 /* OutgoingButton.swift in Sources */,
			);
			runOnlyForDeploymentPostprocessing = 0;
		};
		3934AB611AB3821600941344 /* Sources */ = {
			isa = PBXSourcesBuildPhase;
			buildActionMask = 2147483647;
			files = (
				3934AB6C1AB3821600941344 /* SoulCastTests.swift in Sources */,
			);
			runOnlyForDeploymentPostprocessing = 0;
		};
/* End PBXSourcesBuildPhase section */

/* Begin PBXTargetDependency section */
		3934AB671AB3821600941344 /* PBXTargetDependency */ = {
			isa = PBXTargetDependency;
			target = 3934AB4C1AB3821600941344 /* SoulCast */;
			targetProxy = 3934AB661AB3821600941344 /* PBXContainerItemProxy */;
		};
/* End PBXTargetDependency section */

/* Begin PBXVariantGroup section */
		3934AB591AB3821600941344 /* Main.storyboard */ = {
			isa = PBXVariantGroup;
			children = (
				3934AB5A1AB3821600941344 /* Base */,
			);
			name = Main.storyboard;
			sourceTree = "<group>";
		};
		3934AB5E1AB3821600941344 /* LaunchScreen.xib */ = {
			isa = PBXVariantGroup;
			children = (
				3934AB5F1AB3821600941344 /* Base */,
			);
			name = LaunchScreen.xib;
			sourceTree = "<group>";
		};
/* End PBXVariantGroup section */

/* Begin XCBuildConfiguration section */
		3934AB6D1AB3821600941344 /* Debug */ = {
			isa = XCBuildConfiguration;
			buildSettings = {
				ALWAYS_SEARCH_USER_PATHS = NO;
				CLANG_CXX_LANGUAGE_STANDARD = "gnu++0x";
				CLANG_CXX_LIBRARY = "libc++";
				CLANG_ENABLE_MODULES = YES;
				CLANG_ENABLE_OBJC_ARC = YES;
				CLANG_WARN_BOOL_CONVERSION = YES;
				CLANG_WARN_CONSTANT_CONVERSION = YES;
				CLANG_WARN_DIRECT_OBJC_ISA_USAGE = YES_ERROR;
				CLANG_WARN_EMPTY_BODY = YES;
				CLANG_WARN_ENUM_CONVERSION = YES;
				CLANG_WARN_INT_CONVERSION = YES;
				CLANG_WARN_OBJC_ROOT_CLASS = YES_ERROR;
				CLANG_WARN_UNREACHABLE_CODE = YES;
				CLANG_WARN__DUPLICATE_METHOD_MATCH = YES;
				CODE_SIGN_IDENTITY = "iPhone Developer: June Kim (L77MH25752)";
				"CODE_SIGN_IDENTITY[sdk=iphoneos*]" = "iPhone Developer";
				COPY_PHASE_STRIP = NO;
				ENABLE_STRICT_OBJC_MSGSEND = YES;
				GCC_C_LANGUAGE_STANDARD = gnu99;
				GCC_DYNAMIC_NO_PIC = NO;
				GCC_OPTIMIZATION_LEVEL = 0;
				GCC_PREPROCESSOR_DEFINITIONS = (
					"DEBUG=1",
					"$(inherited)",
				);
				GCC_SYMBOLS_PRIVATE_EXTERN = NO;
				GCC_WARN_64_TO_32_BIT_CONVERSION = YES;
				GCC_WARN_ABOUT_RETURN_TYPE = YES_ERROR;
				GCC_WARN_UNDECLARED_SELECTOR = YES;
				GCC_WARN_UNINITIALIZED_AUTOS = YES_AGGRESSIVE;
				GCC_WARN_UNUSED_FUNCTION = YES;
				GCC_WARN_UNUSED_VARIABLE = YES;
				IPHONEOS_DEPLOYMENT_TARGET = 8.1;
				MTL_ENABLE_DEBUG_INFO = YES;
				ONLY_ACTIVE_ARCH = YES;
				PROVISIONING_PROFILE = "8d06aae9-ef13-4a15-8923-c8c73e548b0a";
				SDKROOT = iphoneos;
				SWIFT_OPTIMIZATION_LEVEL = "-Onone";
			};
			name = Debug;
		};
		3934AB6E1AB3821600941344 /* Release */ = {
			isa = XCBuildConfiguration;
			buildSettings = {
				ALWAYS_SEARCH_USER_PATHS = NO;
				CLANG_CXX_LANGUAGE_STANDARD = "gnu++0x";
				CLANG_CXX_LIBRARY = "libc++";
				CLANG_ENABLE_MODULES = YES;
				CLANG_ENABLE_OBJC_ARC = YES;
				CLANG_WARN_BOOL_CONVERSION = YES;
				CLANG_WARN_CONSTANT_CONVERSION = YES;
				CLANG_WARN_DIRECT_OBJC_ISA_USAGE = YES_ERROR;
				CLANG_WARN_EMPTY_BODY = YES;
				CLANG_WARN_ENUM_CONVERSION = YES;
				CLANG_WARN_INT_CONVERSION = YES;
				CLANG_WARN_OBJC_ROOT_CLASS = YES_ERROR;
				CLANG_WARN_UNREACHABLE_CODE = YES;
				CLANG_WARN__DUPLICATE_METHOD_MATCH = YES;
				CODE_SIGN_IDENTITY = "iPhone Developer: June Kim (L77MH25752)";
				"CODE_SIGN_IDENTITY[sdk=iphoneos*]" = "iPhone Developer";
				COPY_PHASE_STRIP = NO;
				ENABLE_NS_ASSERTIONS = NO;
				ENABLE_STRICT_OBJC_MSGSEND = YES;
				GCC_C_LANGUAGE_STANDARD = gnu99;
				GCC_WARN_64_TO_32_BIT_CONVERSION = YES;
				GCC_WARN_ABOUT_RETURN_TYPE = YES_ERROR;
				GCC_WARN_UNDECLARED_SELECTOR = YES;
				GCC_WARN_UNINITIALIZED_AUTOS = YES_AGGRESSIVE;
				GCC_WARN_UNUSED_FUNCTION = YES;
				GCC_WARN_UNUSED_VARIABLE = YES;
				IPHONEOS_DEPLOYMENT_TARGET = 8.1;
				MTL_ENABLE_DEBUG_INFO = NO;
				PROVISIONING_PROFILE = "8d06aae9-ef13-4a15-8923-c8c73e548b0a";
				SDKROOT = iphoneos;
				VALIDATE_PRODUCT = YES;
			};
			name = Release;
		};
		3934AB701AB3821600941344 /* Debug */ = {
			isa = XCBuildConfiguration;
			baseConfigurationReference = 1297CEF1CA5061C8D4D2FD13 /* Pods-SoulCast.debug.xcconfig */;
			buildSettings = {
				ASSETCATALOG_COMPILER_APPICON_NAME = AppIcon;
				CLANG_ENABLE_MODULES = YES;
				CODE_SIGN_IDENTITY = "";
				"CODE_SIGN_IDENTITY[sdk=iphoneos*]" = "iPhone Developer";
				INFOPLIST_FILE = SoulCast/Info.plist;
				LD_RUNPATH_SEARCH_PATHS = "$(inherited) @executable_path/Frameworks";
				PRODUCT_NAME = Soulcast;
				PROVISIONING_PROFILE = "8d06aae9-ef13-4a15-8923-c8c73e548b0a";
				SWIFT_OBJC_BRIDGING_HEADER = "SoulCast/SoulCast-Bridging-Header.h";
				SWIFT_OPTIMIZATION_LEVEL = "-Onone";
			};
			name = Debug;
		};
		3934AB711AB3821600941344 /* Release */ = {
			isa = XCBuildConfiguration;
			baseConfigurationReference = 8E5A0A462AF6C2DAA5C01A44 /* Pods-SoulCast.release.xcconfig */;
			buildSettings = {
				ASSETCATALOG_COMPILER_APPICON_NAME = AppIcon;
				CLANG_ENABLE_MODULES = YES;
				CODE_SIGN_IDENTITY = "";
				"CODE_SIGN_IDENTITY[sdk=iphoneos*]" = "iPhone Developer";
				INFOPLIST_FILE = SoulCast/Info.plist;
				LD_RUNPATH_SEARCH_PATHS = "$(inherited) @executable_path/Frameworks";
				PRODUCT_NAME = Soulcast;
				PROVISIONING_PROFILE = "8d06aae9-ef13-4a15-8923-c8c73e548b0a";
				SWIFT_OBJC_BRIDGING_HEADER = "SoulCast/SoulCast-Bridging-Header.h";
			};
			name = Release;
		};
		3934AB731AB3821600941344 /* Debug */ = {
			isa = XCBuildConfiguration;
			baseConfigurationReference = 499645BCDA4CB93A400F8A8B /* Pods-SoulCastTests.debug.xcconfig */;
			buildSettings = {
				BUNDLE_LOADER = "$(TEST_HOST)";
				CODE_SIGN_IDENTITY = "iPhone Developer";
				"CODE_SIGN_IDENTITY[sdk=iphoneos*]" = "iPhone Developer";
				FRAMEWORK_SEARCH_PATHS = (
					"$(SDKROOT)/Developer/Library/Frameworks",
					"$(inherited)",
				);
				GCC_PREPROCESSOR_DEFINITIONS = (
					"DEBUG=1",
					"$(inherited)",
				);
				INFOPLIST_FILE = SoulCastTests/Info.plist;
				LD_RUNPATH_SEARCH_PATHS = "$(inherited) @executable_path/Frameworks @loader_path/Frameworks";
				PRODUCT_NAME = "$(TARGET_NAME)";
				PROVISIONING_PROFILE = "";
				TEST_HOST = "$(BUILT_PRODUCTS_DIR)/SoulCast.app/SoulCast";
			};
			name = Debug;
		};
		3934AB741AB3821600941344 /* Release */ = {
			isa = XCBuildConfiguration;
			baseConfigurationReference = BFF0D41CC8613EBB02E2DA95 /* Pods-SoulCastTests.release.xcconfig */;
			buildSettings = {
				BUNDLE_LOADER = "$(TEST_HOST)";
				CODE_SIGN_IDENTITY = "iPhone Developer";
				"CODE_SIGN_IDENTITY[sdk=iphoneos*]" = "iPhone Developer";
				FRAMEWORK_SEARCH_PATHS = (
					"$(SDKROOT)/Developer/Library/Frameworks",
					"$(inherited)",
				);
				INFOPLIST_FILE = SoulCastTests/Info.plist;
				LD_RUNPATH_SEARCH_PATHS = "$(inherited) @executable_path/Frameworks @loader_path/Frameworks";
				PRODUCT_NAME = "$(TARGET_NAME)";
				PROVISIONING_PROFILE = "";
				TEST_HOST = "$(BUILT_PRODUCTS_DIR)/SoulCast.app/SoulCast";
			};
			name = Release;
		};
/* End XCBuildConfiguration section */

/* Begin XCConfigurationList section */
		3934AB481AB3821600941344 /* Build configuration list for PBXProject "SoulCast" */ = {
			isa = XCConfigurationList;
			buildConfigurations = (
				3934AB6D1AB3821600941344 /* Debug */,
				3934AB6E1AB3821600941344 /* Release */,
			);
			defaultConfigurationIsVisible = 0;
			defaultConfigurationName = Release;
		};
		3934AB6F1AB3821600941344 /* Build configuration list for PBXNativeTarget "SoulCast" */ = {
			isa = XCConfigurationList;
			buildConfigurations = (
				3934AB701AB3821600941344 /* Debug */,
				3934AB711AB3821600941344 /* Release */,
			);
			defaultConfigurationIsVisible = 0;
			defaultConfigurationName = Release;
		};
		3934AB721AB3821600941344 /* Build configuration list for PBXNativeTarget "SoulCastTests" */ = {
			isa = XCConfigurationList;
			buildConfigurations = (
				3934AB731AB3821600941344 /* Debug */,
				3934AB741AB3821600941344 /* Release */,
			);
			defaultConfigurationIsVisible = 0;
			defaultConfigurationName = Release;
		};
/* End XCConfigurationList section */

/* Begin XCVersionGroup section */
		3934AB541AB3821600941344 /* SoulCast.xcdatamodeld */ = {
			isa = XCVersionGroup;
			children = (
				3934AB551AB3821600941344 /* SoulCast.xcdatamodel */,
			);
			currentVersion = 3934AB551AB3821600941344 /* SoulCast.xcdatamodel */;
			path = SoulCast.xcdatamodeld;
			sourceTree = "<group>";
			versionGroupType = wrapper.xcdatamodel;
		};
/* End XCVersionGroup section */
	};
	rootObject = 3934AB451AB3821600941344 /* Project object */;
}
